
Microsoft Visual Studio Solution File, Format Version 12.00
# Visual Studio Version 17
VisualStudioVersion = 17.3.32819.101
MinimumVisualStudioVersion = 10.0.40219.1
Project("{9A19103F-16F7-4668-BE54-9A1E7A4F7556}") = "Shop.Application", "Shop.Application\Shop.Application.csproj", "{D30BDC0F-901C-4EC1-839F-04C8F7D5BA20}"
EndProject
Project("{9A19103F-16F7-4668-BE54-9A1E7A4F7556}") = "Shop.WebApi", "Shop.WebApi\Shop.WebApi.csproj", "{CEFB6F4D-7352-4651-B8F6-87FAD887B601}"
EndProject
Project("{2150E333-8FDC-42A3-9474-1A3956D46DE8}") = "StoresPartnerst", "StoresPartnerst", "{07214B33-DC29-4BE3-98C6-E3296537CF5A}"
EndProject
Project("{9A19103F-16F7-4668-BE54-9A1E7A4F7556}") = "Shop.DummyjsonStore", "Shop.DummyjsonStore\Shop.DummyjsonStore.csproj", "{4A12A3C5-71B6-44FC-9984-F5A28D4A90A5}"
EndProject
Project("{9A19103F-16F7-4668-BE54-9A1E7A4F7556}") = "WebStoreDataContracts", "WebStoreInterfaces\WebStoreDataContracts.csproj", "{D89CC02C-F1D8-4BB8-B528-33E489E4E581}"
EndProject
Global
	GlobalSection(SolutionConfigurationPlatforms) = preSolution
		Debug|Any CPU = Debug|Any CPU
		Release|Any CPU = Release|Any CPU
	EndGlobalSection
	GlobalSection(ProjectConfigurationPlatforms) = postSolution
		{D30BDC0F-901C-4EC1-839F-04C8F7D5BA20}.Debug|Any CPU.ActiveCfg = Debug|Any CPU
		{D30BDC0F-901C-4EC1-839F-04C8F7D5BA20}.Debug|Any CPU.Build.0 = Debug|Any CPU
		{D30BDC0F-901C-4EC1-839F-04C8F7D5BA20}.Release|Any CPU.ActiveCfg = Release|Any CPU
		{D30BDC0F-901C-4EC1-839F-04C8F7D5BA20}.Release|Any CPU.Build.0 = Release|Any CPU
		{CEFB6F4D-7352-4651-B8F6-87FAD887B601}.Debug|Any CPU.ActiveCfg = Debug|Any CPU
		{CEFB6F4D-7352-4651-B8F6-87FAD887B601}.Debug|Any CPU.Build.0 = Debug|Any CPU
		{CEFB6F4D-7352-4651-B8F6-87FAD887B601}.Release|Any CPU.ActiveCfg = Release|Any CPU
		{CEFB6F4D-7352-4651-B8F6-87FAD887B601}.Release|Any CPU.Build.0 = Release|Any CPU
		{4A12A3C5-71B6-44FC-9984-F5A28D4A90A5}.Debug|Any CPU.ActiveCfg = Debug|Any CPU
		{4A12A3C5-71B6-44FC-9984-F5A28D4A90A5}.Debug|Any CPU.Build.0 = Debug|Any CPU
		{4A12A3C5-71B6-44FC-9984-F5A28D4A90A5}.Release|Any CPU.ActiveCfg = Release|Any CPU
		{4A12A3C5-71B6-44FC-9984-F5A28D4A90A5}.Release|Any CPU.Build.0 = Release|Any CPU
		{D89CC02C-F1D8-4BB8-B528-33E489E4E581}.Debug|Any CPU.ActiveCfg = Debug|Any CPU
		{D89CC02C-F1D8-4BB8-B528-33E489E4E581}.Debug|Any CPU.Build.0 = Debug|Any CPU
		{D89CC02C-F1D8-4BB8-B528-33E489E4E581}.Release|Any CPU.ActiveCfg = Release|Any CPU
		{D89CC02C-F1D8-4BB8-B528-33E489E4E581}.Release|Any CPU.Build.0 = Release|Any CPU
	EndGlobalSection
	GlobalSection(SolutionProperties) = preSolution
		HideSolutionNode = FALSE
	EndGlobalSection
	GlobalSection(NestedProjects) = preSolution
		{4A12A3C5-71B6-44FC-9984-F5A28D4A90A5} = {07214B33-DC29-4BE3-98C6-E3296537CF5A}
		{D89CC02C-F1D8-4BB8-B528-33E489E4E581} = {07214B33-DC29-4BE3-98C6-E3296537CF5A}
	EndGlobalSection
	GlobalSection(ExtensibilityGlobals) = postSolution
		SolutionGuid = {27538396-4CB9-4346-AEAA-9754F611B04B}
	EndGlobalSection
EndGlobal
